{
  "object": {
    "pins": [
      {
        "package": "SwiftUIX",
        "repositoryURL": "https://github.com/SwiftUIX/SwiftUIX",
        "state": {
          "branch": null,
          "revision": "7f6484328875a56187b1737e2f8fa3ce7c3c9030",
          "version": "0.0.3"
        }
      }
    ]
  },
  "version": 1
}
