{
  "object": {
    "pins": [
      {
        "package": "BetterSafariView",
        "repositoryURL": "https://github.com/stleamist/BetterSafariView.git",
        "state": {
          "branch": null,
          "revision": "a4a8590a24f088ddb077815f49b62c71342c5869",
          "version": "2.2.2"
        }
      },
      {
        "package": "SwiftUIX",
        "repositoryURL": "https://github.com/SwiftUIX/SwiftUIX",
        "state": {
          "branch": null,
          "revision": "7f6484328875a56187b1737e2f8fa3ce7c3c9030",
          "version": "0.0.3"
        }
      }
    ]
  },
  "version": 1
}
